{
  "name": "ts-wxwork-api",
  "version": "1.0.0",
  "lockfileVersion": 1,
  "requires": true,
  "dependencies": {
    "@types/bluebird": {
      "version": "3.5.26",
      "resolved": "http://npm.52mf.cn/repository/mofang/@types/bluebird/-/bluebird-3.5.26.tgz",
      "integrity": "sha1-o4xDiuhPoCQx1oku34bkbty8opE="
    },
    "@types/caseless": {
      "version": "0.12.1",
      "resolved": "http://npm.52mf.cn/repository/mofang/@types/caseless/-/caseless-0.12.1.tgz",
      "integrity": "sha1-l5TGnIOF0BkqzEcaVA0fjg0WIYo="
    },
    "@types/form-data": {
      "version": "2.2.1",
      "resolved": "http://npm.52mf.cn/repository/mofang/@types/form-data/-/form-data-2.2.1.tgz",
      "integrity": "sha1-7is7jqoRwJOCiZU2BrdFtzjFSx4=",
      "requires": {
        "@types/node": "*"
      }
    },
    "@types/moment": {
      "version": "2.13.0",
      "resolved": "https://registry.npmjs.org/@types/moment/-/moment-2.13.0.tgz",
      "integrity": "sha1-YE69GJvDvDShVIaJQE5hoqSqyJY=",
      "dev": true,
      "requires": {
        "moment": "*"
      }
    },
    "@types/node": {
      "version": "11.11.1",
      "resolved": "https://registry.npmjs.org/@types/node/-/node-11.11.1.tgz",
      "integrity": "sha512-2azXFP9n4aA2QNLkKm/F9pzKxgYj1SMawZ5Eh9iC21RH3XNcFsivLVU2NhpMgQm7YobSByvIol4c42ZFusXFHQ=="
    },
    "@types/request": {
      "version": "2.48.1",
      "resolved": "http://npm.52mf.cn/repository/mofang/@types/request/-/request-2.48.1.tgz",
      "integrity": "sha1-5ALWkapmcPu/8ZV7FfEnAjCrQvo=",
      "requires": {
        "@types/caseless": "*",
        "@types/form-data": "*",
        "@types/node": "*",
        "@types/tough-cookie": "*"
      }
    },
    "@types/request-promise": {
      "version": "4.1.42",
      "resolved": "http://npm.52mf.cn/repository/mofang/@types/request-promise/-/request-promise-4.1.42.tgz",
      "integrity": "sha1-pwpnd0KVMeYO0J+qB36tm5lSBM0=",
      "requires": {
        "@types/bluebird": "*",
        "@types/request": "*"
      }
    },
    "@types/tough-cookie": {
      "version": "2.3.5",
      "resolved": "http://npm.52mf.cn/repository/mofang/@types/tough-cookie/-/tough-cookie-2.3.5.tgz",
      "integrity": "sha1-naRO11VxmZtlw3tgybK4jbVMWF0="
    },
    "bluebird": {
      "version": "3.5.3",
      "resolved": "http://npm.52mf.cn/repository/mofang/bluebird/-/bluebird-3.5.3.tgz",
      "integrity": "sha1-fQHG+WFsmlGrD4xUmnnf5uwz76c="
    },
    "lodash": {
      "version": "4.17.11",
      "resolved": "http://npm.52mf.cn/repository/mofang/lodash/-/lodash-4.17.11.tgz",
      "integrity": "sha1-s56mIp72B+zYniyN8SU2iRysm40="
    },
    "moment": {
      "version": "2.24.0",
      "resolved": "http://npm.52mf.cn/repository/mofang/moment/-/moment-2.24.0.tgz",
      "integrity": "sha1-DQVdU/UFKqZTyfbraLtdEr9cK1s="
    },
    "psl": {
      "version": "1.1.31",
      "resolved": "http://npm.52mf.cn/repository/mofang/psl/-/psl-1.1.31.tgz",
      "integrity": "sha1-6aqG0BAbWxBcvpOsa3hM1UcnYYQ="
    },
    "punycode": {
      "version": "2.1.1",
      "resolved": "http://npm.52mf.cn/repository/mofang/punycode/-/punycode-2.1.1.tgz",
      "integrity": "sha1-tYsBCsQMIsVldhbI0sLALHv0eew="
    },
    "request-promise": {
      "version": "4.2.4",
      "resolved": "http://npm.52mf.cn/repository/mofang/request-promise/-/request-promise-4.2.4.tgz",
      "integrity": "sha1-HF7Q1xRB44rVjHzk6k6lsG1UsxA=",
      "requires": {
        "bluebird": "^3.5.0",
        "request-promise-core": "1.1.2",
        "stealthy-require": "^1.1.1",
        "tough-cookie": "^2.3.3"
      }
    },
    "request-promise-core": {
      "version": "1.1.2",
      "resolved": "http://npm.52mf.cn/repository/mofang/request-promise-core/-/request-promise-core-1.1.2.tgz",
      "integrity": "sha1-M59qq6vK/bMceZ/xWHADNjAdM0Y=",
      "requires": {
        "lodash": "^4.17.11"
      }
    },
    "stealthy-require": {
      "version": "1.1.1",
      "resolved": "http://npm.52mf.cn/repository/mofang/stealthy-require/-/stealthy-require-1.1.1.tgz",
      "integrity": "sha1-NbCYdbT/SfJqd35QmzCQoyJr8ks="
    },
    "tough-cookie": {
      "version": "2.5.0",
      "resolved": "http://npm.52mf.cn/repository/mofang/tough-cookie/-/tough-cookie-2.5.0.tgz",
      "integrity": "sha1-zZ+yoKodWhK0c72fuW+j3P9lreI=",
      "requires": {
        "psl": "^1.1.28",
        "punycode": "^2.1.1"
      }
    },
    "typescript": {
      "version": "3.3.3333",
      "resolved": "http://npm.52mf.cn/repository/mofang/typescript/-/typescript-3.3.3333.tgz",
      "integrity": "sha1-FxssWvZsWelDEZkRejvK3Gb9z9Y="
    },
    "typescript-cli": {
      "version": "0.1.0",
      "resolved": "http://npm.52mf.cn/repository/mofang/typescript-cli/-/typescript-cli-0.1.0.tgz",
      "integrity": "sha1-r0vzJqUEjbhcdHgfumaZ+ojN3j0="
    }
  }
}
